
Microsoft Visual Studio Solution File, Format Version 12.00
# Visual Studio Version 17
VisualStudioVersion = 17.13.35825.156
MinimumVisualStudioVersion = 10.0.40219.1
Project("{FAE04EC0-301F-11D3-BF4B-00C04F79EFBC}") = "OffloadingTask", "OffloadingTask.csproj", "{52F2916B-6C9B-48D2-89B8-D6B149963E8C}"
EndProject
Project("{FAE04EC0-301F-11D3-BF4B-00C04F79EFBC}") = "HandleConcurrentReqEx", "..\HandleConcurrentReqEx\HandleConcurrentReqEx.csproj", "{1E753CF1-439C-458E-8A36-DA6284AB3F90}"
EndProject
Project("{2150E333-8FDC-42A3-9474-1A3956D46DE8}") = "Solution Items", "Solution Items", "{8EC462FD-D22E-90A8-E5CE-7E832BA40C5D}"
	ProjectSection(SolutionItems) = preProject
		.gitignore = .gitignore
	EndProjectSection
EndProject
Project("{FAE04EC0-301F-11D3-BF4B-00C04F79EFBC}") = "ThreadSynchronization", "..\ThreadSynchronization\ThreadSynchronization.csproj", "{1D1F7AA3-94D0-451B-865D-2665B201A4D4}"
EndProject
Project("{FAE04EC0-301F-11D3-BF4B-00C04F79EFBC}") = "Mutex-AcrossProcessSync", "..\Mutex-AcrossProcessSync\Mutex-AcrossProcessSync.csproj", "{F4E94288-E693-4145-8E64-736479E129F1}"
EndProject
Project("{FAE04EC0-301F-11D3-BF4B-00C04F79EFBC}") = "SemaphoreEx", "..\SemaphoreEx\SemaphoreEx.csproj", "{35A6DE30-E7ED-4E79-8632-2E093D80B4C2}"
EndProject
Project("{FAE04EC0-301F-11D3-BF4B-00C04F79EFBC}") = "AutoResetEventEx", "..\AutoResetEventEx\AutoResetEventEx.csproj", "{943576ED-7401-46EA-81F1-A1ACF27C77C2}"
EndProject
Project("{FAE04EC0-301F-11D3-BF4B-00C04F79EFBC}") = "ManualResetEx", "..\ManualResetEx\ManualResetEx.csproj", "{13551D1B-1592-405A-A15F-9D69971FBC24}"
EndProject
Project("{FAE04EC0-301F-11D3-BF4B-00C04F79EFBC}") = "TwoWaySignaling", "..\TwoWaySignaling\TwoWaySignaling.csproj", "{ABDE97E3-AFEE-48D4-B150-58B2F6C89B3A}"
EndProject
Project("{FAE04EC0-301F-11D3-BF4B-00C04F79EFBC}") = "ThreadPooling", "..\ThreadPooling\ThreadPooling.csproj", "{3506B1E4-227F-4EAF-B2B5-E97ADB98CFF0}"
EndProject
Project("{FAE04EC0-301F-11D3-BF4B-00C04F79EFBC}") = "Task", "..\Task\Task.csproj", "{43BB7AF6-177B-43A6-8C7D-02469359DF29}"
EndProject
Global
	GlobalSection(SolutionConfigurationPlatforms) = preSolution
		Debug|Any CPU = Debug|Any CPU
		Release|Any CPU = Release|Any CPU
	EndGlobalSection
	GlobalSection(ProjectConfigurationPlatforms) = postSolution
		{52F2916B-6C9B-48D2-89B8-D6B149963E8C}.Debug|Any CPU.ActiveCfg = Debug|Any CPU
		{52F2916B-6C9B-48D2-89B8-D6B149963E8C}.Debug|Any CPU.Build.0 = Debug|Any CPU
		{52F2916B-6C9B-48D2-89B8-D6B149963E8C}.Release|Any CPU.ActiveCfg = Release|Any CPU
		{52F2916B-6C9B-48D2-89B8-D6B149963E8C}.Release|Any CPU.Build.0 = Release|Any CPU
		{1E753CF1-439C-458E-8A36-DA6284AB3F90}.Debug|Any CPU.ActiveCfg = Debug|Any CPU
		{1E753CF1-439C-458E-8A36-DA6284AB3F90}.Debug|Any CPU.Build.0 = Debug|Any CPU
		{1E753CF1-439C-458E-8A36-DA6284AB3F90}.Release|Any CPU.ActiveCfg = Release|Any CPU
		{1E753CF1-439C-458E-8A36-DA6284AB3F90}.Release|Any CPU.Build.0 = Release|Any CPU
		{1D1F7AA3-94D0-451B-865D-2665B201A4D4}.Debug|Any CPU.ActiveCfg = Debug|Any CPU
		{1D1F7AA3-94D0-451B-865D-2665B201A4D4}.Debug|Any CPU.Build.0 = Debug|Any CPU
		{1D1F7AA3-94D0-451B-865D-2665B201A4D4}.Release|Any CPU.ActiveCfg = Release|Any CPU
		{1D1F7AA3-94D0-451B-865D-2665B201A4D4}.Release|Any CPU.Build.0 = Release|Any CPU
		{F4E94288-E693-4145-8E64-736479E129F1}.Debug|Any CPU.ActiveCfg = Debug|Any CPU
		{F4E94288-E693-4145-8E64-736479E129F1}.Debug|Any CPU.Build.0 = Debug|Any CPU
		{F4E94288-E693-4145-8E64-736479E129F1}.Release|Any CPU.ActiveCfg = Release|Any CPU
		{F4E94288-E693-4145-8E64-736479E129F1}.Release|Any CPU.Build.0 = Release|Any CPU
		{35A6DE30-E7ED-4E79-8632-2E093D80B4C2}.Debug|Any CPU.ActiveCfg = Debug|Any CPU
		{35A6DE30-E7ED-4E79-8632-2E093D80B4C2}.Debug|Any CPU.Build.0 = Debug|Any CPU
		{35A6DE30-E7ED-4E79-8632-2E093D80B4C2}.Release|Any CPU.ActiveCfg = Release|Any CPU
		{35A6DE30-E7ED-4E79-8632-2E093D80B4C2}.Release|Any CPU.Build.0 = Release|Any CPU
		{943576ED-7401-46EA-81F1-A1ACF27C77C2}.Debug|Any CPU.ActiveCfg = Debug|Any CPU
		{943576ED-7401-46EA-81F1-A1ACF27C77C2}.Debug|Any CPU.Build.0 = Debug|Any CPU
		{943576ED-7401-46EA-81F1-A1ACF27C77C2}.Release|Any CPU.ActiveCfg = Release|Any CPU
		{943576ED-7401-46EA-81F1-A1ACF27C77C2}.Release|Any CPU.Build.0 = Release|Any CPU
		{13551D1B-1592-405A-A15F-9D69971FBC24}.Debug|Any CPU.ActiveCfg = Debug|Any CPU
		{13551D1B-1592-405A-A15F-9D69971FBC24}.Debug|Any CPU.Build.0 = Debug|Any CPU
		{13551D1B-1592-405A-A15F-9D69971FBC24}.Release|Any CPU.ActiveCfg = Release|Any CPU
		{13551D1B-1592-405A-A15F-9D69971FBC24}.Release|Any CPU.Build.0 = Release|Any CPU
		{ABDE97E3-AFEE-48D4-B150-58B2F6C89B3A}.Debug|Any CPU.ActiveCfg = Debug|Any CPU
		{ABDE97E3-AFEE-48D4-B150-58B2F6C89B3A}.Debug|Any CPU.Build.0 = Debug|Any CPU
		{ABDE97E3-AFEE-48D4-B150-58B2F6C89B3A}.Release|Any CPU.ActiveCfg = Release|Any CPU
		{ABDE97E3-AFEE-48D4-B150-58B2F6C89B3A}.Release|Any CPU.Build.0 = Release|Any CPU
		{3506B1E4-227F-4EAF-B2B5-E97ADB98CFF0}.Debug|Any CPU.ActiveCfg = Debug|Any CPU
		{3506B1E4-227F-4EAF-B2B5-E97ADB98CFF0}.Debug|Any CPU.Build.0 = Debug|Any CPU
		{3506B1E4-227F-4EAF-B2B5-E97ADB98CFF0}.Release|Any CPU.ActiveCfg = Release|Any CPU
		{3506B1E4-227F-4EAF-B2B5-E97ADB98CFF0}.Release|Any CPU.Build.0 = Release|Any CPU
		{43BB7AF6-177B-43A6-8C7D-02469359DF29}.Debug|Any CPU.ActiveCfg = Debug|Any CPU
		{43BB7AF6-177B-43A6-8C7D-02469359DF29}.Debug|Any CPU.Build.0 = Debug|Any CPU
		{43BB7AF6-177B-43A6-8C7D-02469359DF29}.Release|Any CPU.ActiveCfg = Release|Any CPU
		{43BB7AF6-177B-43A6-8C7D-02469359DF29}.Release|Any CPU.Build.0 = Release|Any CPU
	EndGlobalSection
	GlobalSection(SolutionProperties) = preSolution
		HideSolutionNode = FALSE
	EndGlobalSection
	GlobalSection(ExtensibilityGlobals) = postSolution
		SolutionGuid = {F59EFB16-C329-49FB-AE00-A37D2706A8AD}
	EndGlobalSection
EndGlobal
